{
  "name": "@cats/components",
  "version": "0.0.9",
  "lockfileVersion": 1,
  "requires": true,
  "dependencies": {
    "@cats/sdk": {
      "version": "1.0.0",
      "resolved": "http://localhost:4873/@cats%2fsdk/-/sdk-1.0.0.tgz",
      "integrity": "sha512-uHSAfyPtXHCT1eEO+u9zMTd+9PXI1lpmVbmEnQrCJZaTMJKh88ScWvEdHxpQRy3mFQT9Mqyl3K5MqqaLNTKt2Q==",
      "requires": {
        "cross-fetch": "2.1.0"
      }
    },
    "cross-fetch": {
      "version": "2.1.0",
      "resolved": "http://localhost:4873/cross-fetch/-/cross-fetch-2.1.0.tgz",
      "integrity": "sha512-FTIt2WK44RiafWQ62xIvd+oBoVd392abh1lF872trLlA74JCR1s4oTHlixwoIKy44ehn8WbQ0Ds2P16sw7ZQxg==",
      "requires": {
        "node-fetch": "2.1.1",
        "whatwg-fetch": "2.0.3"
      }
    },
    "node-fetch": {
      "version": "2.1.1",
      "resolved": "http://localhost:4873/node-fetch/-/node-fetch-2.1.1.tgz",
      "integrity": "sha1-NpynC4L1DIZJYQSmx3bSdPTkotQ="
    },
    "whatwg-fetch": {
      "version": "2.0.3",
      "resolved": "http://localhost:4873/whatwg-fetch/-/whatwg-fetch-2.0.3.tgz",
      "integrity": "sha1-nITsLc9oGH/wC8ZOEnS0QhduHIQ="
    }
  }
}
